
Microsoft Visual Studio Solution File, Format Version 12.00
# Visual Studio Version 17
VisualStudioVersion = 17.9.34728.123
MinimumVisualStudioVersion = 10.0.40219.1
Project("{2150E333-8FDC-42A3-9474-1A3956D46DE8}") = "Services", "Services", "{B1FA378F-FE3F-4EDF-A1BF-566AE850BAEE}"
EndProject
Project("{2150E333-8FDC-42A3-9474-1A3956D46DE8}") = "Catalog", "Catalog", "{86A02422-A5D2-43AC-84A6-CFA23C718DD6}"
EndProject
Project("{9A19103F-16F7-4668-BE54-9A1E7A4F7556}") = "Catalog.API", "Services\Catalog\Catalog.API\Catalog.API.csproj", "{C72371B3-5103-4AAE-8ADD-0AFEB6825D31}"
EndProject
Project("{2150E333-8FDC-42A3-9474-1A3956D46DE8}") = "CommonBlocks", "CommonBlocks", "{F17EFB1D-3FD1-4D7D-B352-37167AAD1F62}"
EndProject
Project("{9A19103F-16F7-4668-BE54-9A1E7A4F7556}") = "CommonBlocks", "CommonBlocks\CommonBlocks\CommonBlocks.csproj", "{33A3E6C4-A01B-440E-A2B6-9201E0875548}"
EndProject
Project("{E53339B2-1760-4266-BCC7-CA923CBCF16C}") = "docker-compose", "docker-compose.dcproj", "{1B427BAD-2B93-413C-8B55-7793915CA3E2}"
EndProject
Project("{2150E333-8FDC-42A3-9474-1A3956D46DE8}") = "Basket", "Basket", "{18DBC212-8A42-4E3E-ABD8-6F62B94B1135}"
EndProject
Project("{9A19103F-16F7-4668-BE54-9A1E7A4F7556}") = "Basket.API", "Services\Basket\Basket.API\Basket.API.csproj", "{4B53F672-6063-4C31-9EC5-7C4815C454D4}"
EndProject
Project("{2150E333-8FDC-42A3-9474-1A3956D46DE8}") = "Discount", "Discount", "{C7A5F889-4511-444B-8E73-E559BF4DA82A}"
EndProject
Project("{9A19103F-16F7-4668-BE54-9A1E7A4F7556}") = "Discount.Grpc", "Services\Discount\Discount.Grpc\Discount.Grpc.csproj", "{F61BBF53-6B07-4B22-AEFE-E136A44FE448}"
EndProject
Project("{2150E333-8FDC-42A3-9474-1A3956D46DE8}") = "Ordering", "Ordering", "{A8FCC3EA-C7EC-4422-9D68-94AF89C1CCB2}"
EndProject
Project("{9A19103F-16F7-4668-BE54-9A1E7A4F7556}") = "Ordering.API", "Services\Ordering\Ordering.API\Ordering.API.csproj", "{A73824D9-E04B-4DE0-9A29-0C9B7CB2F1F9}"
EndProject
Project("{9A19103F-16F7-4668-BE54-9A1E7A4F7556}") = "Ordering.Domain", "Services\Ordering\Ordering.Domain\Ordering.Domain.csproj", "{52B222E8-F07C-4422-81A6-F04789BFF434}"
EndProject
Project("{9A19103F-16F7-4668-BE54-9A1E7A4F7556}") = "Ordering.Application", "Services\Ordering\Ordering.Application\Ordering.Application.csproj", "{2D5E4C3F-1989-4804-AA71-B37B780AD2FE}"
EndProject
Project("{9A19103F-16F7-4668-BE54-9A1E7A4F7556}") = "Ordering.Infrastructure", "Services\Ordering\Ordering.Infrastructure\Ordering.Infrastructure.csproj", "{7B10D82A-BACD-45C7-9FBF-FD2EA6C033BB}"
EndProject
Project("{9A19103F-16F7-4668-BE54-9A1E7A4F7556}") = "CommonBlocks.Messaging", "CommonBlocks\CommonBlocks.Messaging\CommonBlocks.Messaging.csproj", "{54761124-7AD7-4CD1-8FDF-AE48E6128189}"
EndProject
Project("{2150E333-8FDC-42A3-9474-1A3956D46DE8}") = "ApiGateways", "ApiGateways", "{FF30A358-204A-42AF-AE2E-2313E9170A38}"
EndProject
Project("{FAE04EC0-301F-11D3-BF4B-00C04F79EFBC}") = "YarpApiGateway", "ApiGateways\YarpApiGateway\YarpApiGateway.csproj", "{3E23C634-28E2-436B-980A-1F3566BDC11E}"
EndProject
Global
	GlobalSection(SolutionConfigurationPlatforms) = preSolution
		Debug|Any CPU = Debug|Any CPU
		Release|Any CPU = Release|Any CPU
	EndGlobalSection
	GlobalSection(ProjectConfigurationPlatforms) = postSolution
		{C72371B3-5103-4AAE-8ADD-0AFEB6825D31}.Debug|Any CPU.ActiveCfg = Debug|Any CPU
		{C72371B3-5103-4AAE-8ADD-0AFEB6825D31}.Debug|Any CPU.Build.0 = Debug|Any CPU
		{C72371B3-5103-4AAE-8ADD-0AFEB6825D31}.Release|Any CPU.ActiveCfg = Release|Any CPU
		{C72371B3-5103-4AAE-8ADD-0AFEB6825D31}.Release|Any CPU.Build.0 = Release|Any CPU
		{33A3E6C4-A01B-440E-A2B6-9201E0875548}.Debug|Any CPU.ActiveCfg = Debug|Any CPU
		{33A3E6C4-A01B-440E-A2B6-9201E0875548}.Debug|Any CPU.Build.0 = Debug|Any CPU
		{33A3E6C4-A01B-440E-A2B6-9201E0875548}.Release|Any CPU.ActiveCfg = Release|Any CPU
		{33A3E6C4-A01B-440E-A2B6-9201E0875548}.Release|Any CPU.Build.0 = Release|Any CPU
		{1B427BAD-2B93-413C-8B55-7793915CA3E2}.Debug|Any CPU.ActiveCfg = Debug|Any CPU
		{1B427BAD-2B93-413C-8B55-7793915CA3E2}.Debug|Any CPU.Build.0 = Debug|Any CPU
		{1B427BAD-2B93-413C-8B55-7793915CA3E2}.Release|Any CPU.ActiveCfg = Release|Any CPU
		{1B427BAD-2B93-413C-8B55-7793915CA3E2}.Release|Any CPU.Build.0 = Release|Any CPU
		{4B53F672-6063-4C31-9EC5-7C4815C454D4}.Debug|Any CPU.ActiveCfg = Debug|Any CPU
		{4B53F672-6063-4C31-9EC5-7C4815C454D4}.Debug|Any CPU.Build.0 = Debug|Any CPU
		{4B53F672-6063-4C31-9EC5-7C4815C454D4}.Release|Any CPU.ActiveCfg = Release|Any CPU
		{4B53F672-6063-4C31-9EC5-7C4815C454D4}.Release|Any CPU.Build.0 = Release|Any CPU
		{F61BBF53-6B07-4B22-AEFE-E136A44FE448}.Debug|Any CPU.ActiveCfg = Debug|Any CPU
		{F61BBF53-6B07-4B22-AEFE-E136A44FE448}.Debug|Any CPU.Build.0 = Debug|Any CPU
		{F61BBF53-6B07-4B22-AEFE-E136A44FE448}.Release|Any CPU.ActiveCfg = Release|Any CPU
		{F61BBF53-6B07-4B22-AEFE-E136A44FE448}.Release|Any CPU.Build.0 = Release|Any CPU
		{A73824D9-E04B-4DE0-9A29-0C9B7CB2F1F9}.Debug|Any CPU.ActiveCfg = Debug|Any CPU
		{A73824D9-E04B-4DE0-9A29-0C9B7CB2F1F9}.Debug|Any CPU.Build.0 = Debug|Any CPU
		{A73824D9-E04B-4DE0-9A29-0C9B7CB2F1F9}.Release|Any CPU.ActiveCfg = Release|Any CPU
		{A73824D9-E04B-4DE0-9A29-0C9B7CB2F1F9}.Release|Any CPU.Build.0 = Release|Any CPU
		{52B222E8-F07C-4422-81A6-F04789BFF434}.Debug|Any CPU.ActiveCfg = Debug|Any CPU
		{52B222E8-F07C-4422-81A6-F04789BFF434}.Debug|Any CPU.Build.0 = Debug|Any CPU
		{52B222E8-F07C-4422-81A6-F04789BFF434}.Release|Any CPU.ActiveCfg = Release|Any CPU
		{52B222E8-F07C-4422-81A6-F04789BFF434}.Release|Any CPU.Build.0 = Release|Any CPU
		{2D5E4C3F-1989-4804-AA71-B37B780AD2FE}.Debug|Any CPU.ActiveCfg = Debug|Any CPU
		{2D5E4C3F-1989-4804-AA71-B37B780AD2FE}.Debug|Any CPU.Build.0 = Debug|Any CPU
		{2D5E4C3F-1989-4804-AA71-B37B780AD2FE}.Release|Any CPU.ActiveCfg = Release|Any CPU
		{2D5E4C3F-1989-4804-AA71-B37B780AD2FE}.Release|Any CPU.Build.0 = Release|Any CPU
		{7B10D82A-BACD-45C7-9FBF-FD2EA6C033BB}.Debug|Any CPU.ActiveCfg = Debug|Any CPU
		{7B10D82A-BACD-45C7-9FBF-FD2EA6C033BB}.Debug|Any CPU.Build.0 = Debug|Any CPU
		{7B10D82A-BACD-45C7-9FBF-FD2EA6C033BB}.Release|Any CPU.ActiveCfg = Release|Any CPU
		{7B10D82A-BACD-45C7-9FBF-FD2EA6C033BB}.Release|Any CPU.Build.0 = Release|Any CPU
		{54761124-7AD7-4CD1-8FDF-AE48E6128189}.Debug|Any CPU.ActiveCfg = Debug|Any CPU
		{54761124-7AD7-4CD1-8FDF-AE48E6128189}.Debug|Any CPU.Build.0 = Debug|Any CPU
		{54761124-7AD7-4CD1-8FDF-AE48E6128189}.Release|Any CPU.ActiveCfg = Release|Any CPU
		{54761124-7AD7-4CD1-8FDF-AE48E6128189}.Release|Any CPU.Build.0 = Release|Any CPU
		{3E23C634-28E2-436B-980A-1F3566BDC11E}.Debug|Any CPU.ActiveCfg = Debug|Any CPU
		{3E23C634-28E2-436B-980A-1F3566BDC11E}.Debug|Any CPU.Build.0 = Debug|Any CPU
		{3E23C634-28E2-436B-980A-1F3566BDC11E}.Release|Any CPU.ActiveCfg = Release|Any CPU
		{3E23C634-28E2-436B-980A-1F3566BDC11E}.Release|Any CPU.Build.0 = Release|Any CPU
	EndGlobalSection
	GlobalSection(SolutionProperties) = preSolution
		HideSolutionNode = FALSE
	EndGlobalSection
	GlobalSection(NestedProjects) = preSolution
		{86A02422-A5D2-43AC-84A6-CFA23C718DD6} = {B1FA378F-FE3F-4EDF-A1BF-566AE850BAEE}
		{C72371B3-5103-4AAE-8ADD-0AFEB6825D31} = {86A02422-A5D2-43AC-84A6-CFA23C718DD6}
		{33A3E6C4-A01B-440E-A2B6-9201E0875548} = {F17EFB1D-3FD1-4D7D-B352-37167AAD1F62}
		{18DBC212-8A42-4E3E-ABD8-6F62B94B1135} = {B1FA378F-FE3F-4EDF-A1BF-566AE850BAEE}
		{4B53F672-6063-4C31-9EC5-7C4815C454D4} = {18DBC212-8A42-4E3E-ABD8-6F62B94B1135}
		{C7A5F889-4511-444B-8E73-E559BF4DA82A} = {B1FA378F-FE3F-4EDF-A1BF-566AE850BAEE}
		{F61BBF53-6B07-4B22-AEFE-E136A44FE448} = {C7A5F889-4511-444B-8E73-E559BF4DA82A}
		{A8FCC3EA-C7EC-4422-9D68-94AF89C1CCB2} = {B1FA378F-FE3F-4EDF-A1BF-566AE850BAEE}
		{A73824D9-E04B-4DE0-9A29-0C9B7CB2F1F9} = {A8FCC3EA-C7EC-4422-9D68-94AF89C1CCB2}
		{52B222E8-F07C-4422-81A6-F04789BFF434} = {A8FCC3EA-C7EC-4422-9D68-94AF89C1CCB2}
		{2D5E4C3F-1989-4804-AA71-B37B780AD2FE} = {A8FCC3EA-C7EC-4422-9D68-94AF89C1CCB2}
		{7B10D82A-BACD-45C7-9FBF-FD2EA6C033BB} = {A8FCC3EA-C7EC-4422-9D68-94AF89C1CCB2}
		{54761124-7AD7-4CD1-8FDF-AE48E6128189} = {F17EFB1D-3FD1-4D7D-B352-37167AAD1F62}
		{3E23C634-28E2-436B-980A-1F3566BDC11E} = {FF30A358-204A-42AF-AE2E-2313E9170A38}
	EndGlobalSection
	GlobalSection(ExtensibilityGlobals) = postSolution
		SolutionGuid = {4A3AD337-4D49-4FAC-A7E3-3FD7AA46241E}
	EndGlobalSection
EndGlobal
